
Microsoft Visual Studio Solution File, Format Version 12.00
# Visual Studio Version 17
VisualStudioVersion = 17.10.35122.118
MinimumVisualStudioVersion = 10.0.40219.1
Project("{FAE04EC0-301F-11D3-BF4B-00C04F79EFBC}") = "panel hg", "panel hg\panel hg.csproj", "{765124FE-3D21-4BEC-AC91-7E801B785885}"
EndProject
Global
	GlobalSection(SolutionConfigurationPlatforms) = preSolution
		Debug|Any CPU = Debug|Any CPU
		Release|Any CPU = Release|Any CPU
	EndGlobalSection
	GlobalSection(ProjectConfigurationPlatforms) = postSolution
		{765124FE-3D21-4BEC-AC91-7E801B785885}.Debug|Any CPU.ActiveCfg = Debug|Any CPU
		{765124FE-3D21-4BEC-AC91-7E801B785885}.Debug|Any CPU.Build.0 = Debug|Any CPU
		{765124FE-3D21-4BEC-AC91-7E801B785885}.Release|Any CPU.ActiveCfg = Release|Any CPU
		{765124FE-3D21-4BEC-AC91-7E801B785885}.Release|Any CPU.Build.0 = Release|Any CPU
	EndGlobalSection
	GlobalSection(SolutionProperties) = preSolution
		HideSolutionNode = FALSE
	EndGlobalSection
	GlobalSection(ExtensibilityGlobals) = postSolution
		SolutionGuid = {46F81DE3-6D89-4230-B756-DA8B40C60E4F}
	EndGlobalSection
EndGlobal
